
Microsoft Visual Studio Solution File, Format Version 12.00
# Visual Studio Version 16
VisualStudioVersion = 16.0.30011.22
MinimumVisualStudioVersion = 10.0.40219.1
Project("{FAE04EC0-301F-11D3-BF4B-00C04F79EFBC}") = "DoodleGame", "DoodleGame\DoodleGame.csproj", "{83FBD4BF-FAB5-4216-9B6F-F43F671B9DF4}"
EndProject
Global
	GlobalSection(SolutionConfigurationPlatforms) = preSolution
		Debug|Any CPU = Debug|Any CPU
		Release|Any CPU = Release|Any CPU
	EndGlobalSection
	GlobalSection(ProjectConfigurationPlatforms) = postSolution
		{83FBD4BF-FAB5-4216-9B6F-F43F671B9DF4}.Debug|Any CPU.ActiveCfg = Debug|Any CPU
		{83FBD4BF-FAB5-4216-9B6F-F43F671B9DF4}.Debug|Any CPU.Build.0 = Debug|Any CPU
		{83FBD4BF-FAB5-4216-9B6F-F43F671B9DF4}.Release|Any CPU.ActiveCfg = Release|Any CPU
		{83FBD4BF-FAB5-4216-9B6F-F43F671B9DF4}.Release|Any CPU.Build.0 = Release|Any CPU
	EndGlobalSection
	GlobalSection(SolutionProperties) = preSolution
		HideSolutionNode = FALSE
	EndGlobalSection
	GlobalSection(ExtensibilityGlobals) = postSolution
		SolutionGuid = {3AA570D7-B8BD-4537-89BF-E492E793E06E}
	EndGlobalSection
EndGlobal
